
Microsoft Visual Studio Solution File, Format Version 12.00
# Visual Studio Version 17
VisualStudioVersion = 17.0.31903.59
MinimumVisualStudioVersion = 10.0.40219.1
Project("{9A19103F-16F7-4668-BE54-9A1E7A4F7556}") = "DataJam", "code\DataJam\DataJam.csproj", "{AFF7DB3B-0702-4E60-90BE-9ED8F76E39E3}"
EndProject
Project("{9A19103F-16F7-4668-BE54-9A1E7A4F7556}") = "DataJam.EntityFrameworkCore", "code\DataJam.EntityFrameworkCore\DataJam.EntityFrameworkCore.csproj", "{2ED83B5F-FCE3-40C3-B5BF-C2A6290656C1}"
EndProject
Project("{2150E333-8FDC-42A3-9474-1A3956D46DE8}") = "code", "code", "{0ED872A4-B40C-4B25-BA6C-FBA62694C649}"
	ProjectSection(SolutionItems) = preProject
		code\Directory.Build.props = code\Directory.Build.props
		code\stylecop.json = code\stylecop.json
		code\StyleCopAnalyzers.ruleset = code\StyleCopAnalyzers.ruleset
	EndProjectSection
EndProject
Project("{2150E333-8FDC-42A3-9474-1A3956D46DE8}") = "tests", "tests", "{F2626B7C-5C3D-4B3D-A94C-C236DD975B57}"
	ProjectSection(SolutionItems) = preProject
		tests\Directory.Build.props = tests\Directory.Build.props
	EndProjectSection
EndProject
Project("{FAE04EC0-301F-11D3-BF4B-00C04F79EFBC}") = "DataJam.Testing.UnitTests", "tests\DataJam.Testing.UnitTests\DataJam.Testing.UnitTests.csproj", "{F8AC6D3B-1580-4E48-A40C-F996DE011F50}"
EndProject
Project("{FAE04EC0-301F-11D3-BF4B-00C04F79EFBC}") = "DataJam.Testing", "code\DataJam.Testing\DataJam.Testing.csproj", "{90F2CC68-EFD0-4B64-9159-5D7B48ECAE00}"
EndProject
Project("{2150E333-8FDC-42A3-9474-1A3956D46DE8}") = "test-support", "test-support", "{1F83202C-5C08-4366-9B03-D0EB89C6F8C6}"
	ProjectSection(SolutionItems) = preProject
		test-support\Directory.Build.props = test-support\Directory.Build.props
	EndProjectSection
EndProject
Project("{FAE04EC0-301F-11D3-BF4B-00C04F79EFBC}") = "DataJam.TestSupport", "test-support\DataJam.TestSupport\DataJam.TestSupport.csproj", "{1A21ED3C-9BDD-42B7-B0A7-E340111DBAFC}"
EndProject
Project("{FAE04EC0-301F-11D3-BF4B-00C04F79EFBC}") = "DataJam.TestSupport.EntityFrameworkCore", "test-support\DataJam.TestSupport.EntityFrameworkCore\DataJam.TestSupport.EntityFrameworkCore.csproj", "{2DE00942-F708-48F1-AF30-5ABD93F1E172}"
EndProject
Project("{2150E333-8FDC-42A3-9474-1A3956D46DE8}") = "_", "_", "{7ADD1DA9-9513-4576-B490-72CED6334CB2}"
	ProjectSection(SolutionItems) = preProject
		..\.gitignore = ..\.gitignore
		..\README.md = ..\README.md
		..\nuget.config = ..\nuget.config
	EndProjectSection
EndProject
Project("{2150E333-8FDC-42A3-9474-1A3956D46DE8}") = "src", "src", "{7F294636-6B02-4F75-B1F5-4CB5D7678020}"
	ProjectSection(SolutionItems) = preProject
		Directory.Build.props = Directory.Build.props
		stylecop.json = stylecop.json
		StyleCopAnalyzers.ruleset = StyleCopAnalyzers.ruleset
		Directory.Packages.props = Directory.Packages.props
	EndProjectSection
EndProject
Project("{FAE04EC0-301F-11D3-BF4B-00C04F79EFBC}") = "DataJam.TestSupport.TestPatterns", "test-support\DataJam.TestSupport.TestPatterns\DataJam.TestSupport.TestPatterns.csproj", "{3E1EC2B7-AE43-4F74-B56B-7E0771B45FF2}"
EndProject
Project("{FAE04EC0-301F-11D3-BF4B-00C04F79EFBC}") = "DataJam.EntityFrameworkCore.MsSql.IntegrationTests", "tests\DataJam.EntityFrameworkCore.MsSql.IntegrationTests\DataJam.EntityFrameworkCore.MsSql.IntegrationTests.csproj", "{0EBB582A-0221-4046-8482-09F4E1FD70AF}"
EndProject
Project("{FAE04EC0-301F-11D3-BF4B-00C04F79EFBC}") = "DataJam.EntityFrameworkCore.MySql.IntegrationTests", "tests\DataJam.EntityFrameworkCore.MySql.IntegrationTests\DataJam.EntityFrameworkCore.MySql.IntegrationTests.csproj", "{7A683122-E92C-4EB0-BE13-0847992C94CC}"
EndProject
Project("{FAE04EC0-301F-11D3-BF4B-00C04F79EFBC}") = "DataJam.EntityFrameworkCore.Sqlite.IntegrationTests", "tests\DataJam.EntityFrameworkCore.Sqlite.IntegrationTests\DataJam.EntityFrameworkCore.Sqlite.IntegrationTests.csproj", "{A14F3AAE-8021-4BB3-B76D-E2E2C48EE4B5}"
EndProject
Project("{FAE04EC0-301F-11D3-BF4B-00C04F79EFBC}") = "DataJam.TestSupport.Migrations", "test-support\DataJam.TestSupport.Migrations\DataJam.TestSupport.Migrations.csproj", "{3DE79801-3B11-41EC-9215-56BB49C90520}"
EndProject
Project("{FAE04EC0-301F-11D3-BF4B-00C04F79EFBC}") = "DataJam.TestSupport.Dependencies", "test-support\DataJam.TestSupport.Dependencies\DataJam.TestSupport.Dependencies.csproj", "{7FFAED14-37B9-4DCC-81EE-FD67E19D1863}"
EndProject
Project("{FAE04EC0-301F-11D3-BF4B-00C04F79EFBC}") = "DataJam.TestSupport.Dependencies.TestContainers", "test-support\DataJam.TestSupport.Dependencies.TestContainers\DataJam.TestSupport.Dependencies.TestContainers.csproj", "{15FB9707-96EB-422C-816B-DC82F4C0922D}"
EndProject
Project("{FAE04EC0-301F-11D3-BF4B-00C04F79EFBC}") = "DataJam.TestSupport.Dependencies.Sqlite", "test-support\DataJam.TestSupport.Dependencies.Sqlite\DataJam.TestSupport.Dependencies.Sqlite.csproj", "{CA6D2921-1721-4A71-9AE4-D78C976900AE}"
EndProject
Project("{FAE04EC0-301F-11D3-BF4B-00C04F79EFBC}") = "DataJam.TestSupport.FluentMigrator.Core", "test-support\DataJam.TestSupport.FluentMigrator.Core\DataJam.TestSupport.FluentMigrator.Core.csproj", "{2A879C45-975B-4A22-90D9-28B01606B53D}"
EndProject
Project("{FAE04EC0-301F-11D3-BF4B-00C04F79EFBC}") = "DataJam.TestSupport.Migrations.Sqlite", "test-support\DataJam.TestSupport.Migrations.Sqlite\DataJam.TestSupport.Migrations.Sqlite.csproj", "{CA52E4B5-7D63-4442-AAFD-32EE4822E74E}"
EndProject
Project("{9A19103F-16F7-4668-BE54-9A1E7A4F7556}") = "_build", "..\build\_build.csproj", "{E03EB868-679D-4BC2-99E7-FEB787A4AEC7}"
EndProject
Project("{FAE04EC0-301F-11D3-BF4B-00C04F79EFBC}") = "DataJam.EntityFramework", "code\DataJam.EntityFramework\DataJam.EntityFramework.csproj", "{0C2529CF-5BFD-4AC8-A50D-7F5D25BEBF22}"
EndProject
Project("{2150E333-8FDC-42A3-9474-1A3956D46DE8}") = "EntityFrameworkCore", "EntityFrameworkCore", "{F982ACA5-9EF8-4A94-91DD-E80CF5D9A12B}"
EndProject
Project("{2150E333-8FDC-42A3-9474-1A3956D46DE8}") = "EntityFramework", "EntityFramework", "{5931E88A-8DC9-4A07-A152-4E3ABC053E4B}"
EndProject
Project("{FAE04EC0-301F-11D3-BF4B-00C04F79EFBC}") = "DataJam.EntityFramework.MsSql.IntegrationTests", "tests\DataJam.EntityFramework.MsSql.IntegrationTests\DataJam.EntityFramework.MsSql.IntegrationTests.csproj", "{59B94B91-8946-449C-AB74-10E33A2C0705}"
EndProject
Project("{FAE04EC0-301F-11D3-BF4B-00C04F79EFBC}") = "DataJam.TestSupport.EntityFramework", "test-support\DataJam.TestSupport.EntityFramework\DataJam.TestSupport.EntityFramework.csproj", "{47B8D889-428E-45B4-A291-4D2F5C3882F3}"
EndProject
Project("{FAE04EC0-301F-11D3-BF4B-00C04F79EFBC}") = "DataJam.EntityFramework.MySql.IntegrationTests", "tests\DataJam.EntityFramework.MySql.IntegrationTests\DataJam.EntityFramework.MySql.IntegrationTests.csproj", "{346A458F-01F6-4175-AAFE-165F0ABCCB62}"
EndProject
Global
	GlobalSection(SolutionConfigurationPlatforms) = preSolution
		Debug|Any CPU = Debug|Any CPU
		Release|Any CPU = Release|Any CPU
	EndGlobalSection
	GlobalSection(ProjectConfigurationPlatforms) = postSolution
		{E03EB868-679D-4BC2-99E7-FEB787A4AEC7}.Debug|Any CPU.ActiveCfg = Debug|Any CPU
		{E03EB868-679D-4BC2-99E7-FEB787A4AEC7}.Release|Any CPU.ActiveCfg = Release|Any CPU
		{AFF7DB3B-0702-4E60-90BE-9ED8F76E39E3}.Debug|Any CPU.ActiveCfg = Debug|Any CPU
		{AFF7DB3B-0702-4E60-90BE-9ED8F76E39E3}.Debug|Any CPU.Build.0 = Debug|Any CPU
		{AFF7DB3B-0702-4E60-90BE-9ED8F76E39E3}.Release|Any CPU.ActiveCfg = Release|Any CPU
		{AFF7DB3B-0702-4E60-90BE-9ED8F76E39E3}.Release|Any CPU.Build.0 = Release|Any CPU
		{2ED83B5F-FCE3-40C3-B5BF-C2A6290656C1}.Debug|Any CPU.ActiveCfg = Debug|Any CPU
		{2ED83B5F-FCE3-40C3-B5BF-C2A6290656C1}.Debug|Any CPU.Build.0 = Debug|Any CPU
		{2ED83B5F-FCE3-40C3-B5BF-C2A6290656C1}.Release|Any CPU.ActiveCfg = Release|Any CPU
		{2ED83B5F-FCE3-40C3-B5BF-C2A6290656C1}.Release|Any CPU.Build.0 = Release|Any CPU
		{F8AC6D3B-1580-4E48-A40C-F996DE011F50}.Debug|Any CPU.ActiveCfg = Debug|Any CPU
		{F8AC6D3B-1580-4E48-A40C-F996DE011F50}.Debug|Any CPU.Build.0 = Debug|Any CPU
		{F8AC6D3B-1580-4E48-A40C-F996DE011F50}.Release|Any CPU.ActiveCfg = Release|Any CPU
		{F8AC6D3B-1580-4E48-A40C-F996DE011F50}.Release|Any CPU.Build.0 = Release|Any CPU
		{90F2CC68-EFD0-4B64-9159-5D7B48ECAE00}.Debug|Any CPU.ActiveCfg = Debug|Any CPU
		{90F2CC68-EFD0-4B64-9159-5D7B48ECAE00}.Debug|Any CPU.Build.0 = Debug|Any CPU
		{90F2CC68-EFD0-4B64-9159-5D7B48ECAE00}.Release|Any CPU.ActiveCfg = Release|Any CPU
		{90F2CC68-EFD0-4B64-9159-5D7B48ECAE00}.Release|Any CPU.Build.0 = Release|Any CPU
		{1A21ED3C-9BDD-42B7-B0A7-E340111DBAFC}.Debug|Any CPU.ActiveCfg = Debug|Any CPU
		{1A21ED3C-9BDD-42B7-B0A7-E340111DBAFC}.Debug|Any CPU.Build.0 = Debug|Any CPU
		{1A21ED3C-9BDD-42B7-B0A7-E340111DBAFC}.Release|Any CPU.ActiveCfg = Release|Any CPU
		{1A21ED3C-9BDD-42B7-B0A7-E340111DBAFC}.Release|Any CPU.Build.0 = Release|Any CPU
		{2DE00942-F708-48F1-AF30-5ABD93F1E172}.Debug|Any CPU.ActiveCfg = Debug|Any CPU
		{2DE00942-F708-48F1-AF30-5ABD93F1E172}.Debug|Any CPU.Build.0 = Debug|Any CPU
		{2DE00942-F708-48F1-AF30-5ABD93F1E172}.Release|Any CPU.ActiveCfg = Release|Any CPU
		{2DE00942-F708-48F1-AF30-5ABD93F1E172}.Release|Any CPU.Build.0 = Release|Any CPU
		{3E1EC2B7-AE43-4F74-B56B-7E0771B45FF2}.Debug|Any CPU.ActiveCfg = Debug|Any CPU
		{3E1EC2B7-AE43-4F74-B56B-7E0771B45FF2}.Debug|Any CPU.Build.0 = Debug|Any CPU
		{3E1EC2B7-AE43-4F74-B56B-7E0771B45FF2}.Release|Any CPU.ActiveCfg = Release|Any CPU
		{3E1EC2B7-AE43-4F74-B56B-7E0771B45FF2}.Release|Any CPU.Build.0 = Release|Any CPU
		{0EBB582A-0221-4046-8482-09F4E1FD70AF}.Debug|Any CPU.ActiveCfg = Debug|Any CPU
		{0EBB582A-0221-4046-8482-09F4E1FD70AF}.Debug|Any CPU.Build.0 = Debug|Any CPU
		{0EBB582A-0221-4046-8482-09F4E1FD70AF}.Release|Any CPU.ActiveCfg = Release|Any CPU
		{0EBB582A-0221-4046-8482-09F4E1FD70AF}.Release|Any CPU.Build.0 = Release|Any CPU
		{7A683122-E92C-4EB0-BE13-0847992C94CC}.Debug|Any CPU.ActiveCfg = Debug|Any CPU
		{7A683122-E92C-4EB0-BE13-0847992C94CC}.Debug|Any CPU.Build.0 = Debug|Any CPU
		{7A683122-E92C-4EB0-BE13-0847992C94CC}.Release|Any CPU.ActiveCfg = Release|Any CPU
		{7A683122-E92C-4EB0-BE13-0847992C94CC}.Release|Any CPU.Build.0 = Release|Any CPU
		{A14F3AAE-8021-4BB3-B76D-E2E2C48EE4B5}.Debug|Any CPU.ActiveCfg = Debug|Any CPU
		{A14F3AAE-8021-4BB3-B76D-E2E2C48EE4B5}.Debug|Any CPU.Build.0 = Debug|Any CPU
		{A14F3AAE-8021-4BB3-B76D-E2E2C48EE4B5}.Release|Any CPU.ActiveCfg = Release|Any CPU
		{A14F3AAE-8021-4BB3-B76D-E2E2C48EE4B5}.Release|Any CPU.Build.0 = Release|Any CPU
		{3DE79801-3B11-41EC-9215-56BB49C90520}.Debug|Any CPU.ActiveCfg = Debug|Any CPU
		{3DE79801-3B11-41EC-9215-56BB49C90520}.Debug|Any CPU.Build.0 = Debug|Any CPU
		{3DE79801-3B11-41EC-9215-56BB49C90520}.Release|Any CPU.ActiveCfg = Release|Any CPU
		{3DE79801-3B11-41EC-9215-56BB49C90520}.Release|Any CPU.Build.0 = Release|Any CPU
		{7FFAED14-37B9-4DCC-81EE-FD67E19D1863}.Debug|Any CPU.ActiveCfg = Debug|Any CPU
		{7FFAED14-37B9-4DCC-81EE-FD67E19D1863}.Debug|Any CPU.Build.0 = Debug|Any CPU
		{7FFAED14-37B9-4DCC-81EE-FD67E19D1863}.Release|Any CPU.ActiveCfg = Release|Any CPU
		{7FFAED14-37B9-4DCC-81EE-FD67E19D1863}.Release|Any CPU.Build.0 = Release|Any CPU
		{15FB9707-96EB-422C-816B-DC82F4C0922D}.Debug|Any CPU.ActiveCfg = Debug|Any CPU
		{15FB9707-96EB-422C-816B-DC82F4C0922D}.Debug|Any CPU.Build.0 = Debug|Any CPU
		{15FB9707-96EB-422C-816B-DC82F4C0922D}.Release|Any CPU.ActiveCfg = Release|Any CPU
		{15FB9707-96EB-422C-816B-DC82F4C0922D}.Release|Any CPU.Build.0 = Release|Any CPU
		{CA6D2921-1721-4A71-9AE4-D78C976900AE}.Debug|Any CPU.ActiveCfg = Debug|Any CPU
		{CA6D2921-1721-4A71-9AE4-D78C976900AE}.Debug|Any CPU.Build.0 = Debug|Any CPU
		{CA6D2921-1721-4A71-9AE4-D78C976900AE}.Release|Any CPU.ActiveCfg = Release|Any CPU
		{CA6D2921-1721-4A71-9AE4-D78C976900AE}.Release|Any CPU.Build.0 = Release|Any CPU
		{2A879C45-975B-4A22-90D9-28B01606B53D}.Debug|Any CPU.ActiveCfg = Debug|Any CPU
		{2A879C45-975B-4A22-90D9-28B01606B53D}.Debug|Any CPU.Build.0 = Debug|Any CPU
		{2A879C45-975B-4A22-90D9-28B01606B53D}.Release|Any CPU.ActiveCfg = Release|Any CPU
		{2A879C45-975B-4A22-90D9-28B01606B53D}.Release|Any CPU.Build.0 = Release|Any CPU
		{CA52E4B5-7D63-4442-AAFD-32EE4822E74E}.Debug|Any CPU.ActiveCfg = Debug|Any CPU
		{CA52E4B5-7D63-4442-AAFD-32EE4822E74E}.Debug|Any CPU.Build.0 = Debug|Any CPU
		{CA52E4B5-7D63-4442-AAFD-32EE4822E74E}.Release|Any CPU.ActiveCfg = Release|Any CPU
		{CA52E4B5-7D63-4442-AAFD-32EE4822E74E}.Release|Any CPU.Build.0 = Release|Any CPU
		{0C2529CF-5BFD-4AC8-A50D-7F5D25BEBF22}.Debug|Any CPU.ActiveCfg = Debug|Any CPU
		{0C2529CF-5BFD-4AC8-A50D-7F5D25BEBF22}.Debug|Any CPU.Build.0 = Debug|Any CPU
		{0C2529CF-5BFD-4AC8-A50D-7F5D25BEBF22}.Release|Any CPU.ActiveCfg = Release|Any CPU
		{0C2529CF-5BFD-4AC8-A50D-7F5D25BEBF22}.Release|Any CPU.Build.0 = Release|Any CPU
		{59B94B91-8946-449C-AB74-10E33A2C0705}.Debug|Any CPU.ActiveCfg = Debug|Any CPU
		{59B94B91-8946-449C-AB74-10E33A2C0705}.Debug|Any CPU.Build.0 = Debug|Any CPU
		{59B94B91-8946-449C-AB74-10E33A2C0705}.Release|Any CPU.ActiveCfg = Release|Any CPU
		{59B94B91-8946-449C-AB74-10E33A2C0705}.Release|Any CPU.Build.0 = Release|Any CPU
		{47B8D889-428E-45B4-A291-4D2F5C3882F3}.Debug|Any CPU.ActiveCfg = Debug|Any CPU
		{47B8D889-428E-45B4-A291-4D2F5C3882F3}.Debug|Any CPU.Build.0 = Debug|Any CPU
		{47B8D889-428E-45B4-A291-4D2F5C3882F3}.Release|Any CPU.ActiveCfg = Release|Any CPU
		{47B8D889-428E-45B4-A291-4D2F5C3882F3}.Release|Any CPU.Build.0 = Release|Any CPU
		{346A458F-01F6-4175-AAFE-165F0ABCCB62}.Debug|Any CPU.ActiveCfg = Debug|Any CPU
		{346A458F-01F6-4175-AAFE-165F0ABCCB62}.Debug|Any CPU.Build.0 = Debug|Any CPU
		{346A458F-01F6-4175-AAFE-165F0ABCCB62}.Release|Any CPU.ActiveCfg = Release|Any CPU
		{346A458F-01F6-4175-AAFE-165F0ABCCB62}.Release|Any CPU.Build.0 = Release|Any CPU
	EndGlobalSection
	GlobalSection(SolutionProperties) = preSolution
		HideSolutionNode = FALSE
	EndGlobalSection
	GlobalSection(NestedProjects) = preSolution
		{AFF7DB3B-0702-4E60-90BE-9ED8F76E39E3} = {0ED872A4-B40C-4B25-BA6C-FBA62694C649}
		{2ED83B5F-FCE3-40C3-B5BF-C2A6290656C1} = {0ED872A4-B40C-4B25-BA6C-FBA62694C649}
		{F8AC6D3B-1580-4E48-A40C-F996DE011F50} = {F2626B7C-5C3D-4B3D-A94C-C236DD975B57}
		{90F2CC68-EFD0-4B64-9159-5D7B48ECAE00} = {0ED872A4-B40C-4B25-BA6C-FBA62694C649}
		{1A21ED3C-9BDD-42B7-B0A7-E340111DBAFC} = {1F83202C-5C08-4366-9B03-D0EB89C6F8C6}
		{2DE00942-F708-48F1-AF30-5ABD93F1E172} = {1F83202C-5C08-4366-9B03-D0EB89C6F8C6}
		{7F294636-6B02-4F75-B1F5-4CB5D7678020} = {7ADD1DA9-9513-4576-B490-72CED6334CB2}
		{3E1EC2B7-AE43-4F74-B56B-7E0771B45FF2} = {1F83202C-5C08-4366-9B03-D0EB89C6F8C6}
		{3DE79801-3B11-41EC-9215-56BB49C90520} = {1F83202C-5C08-4366-9B03-D0EB89C6F8C6}
		{7FFAED14-37B9-4DCC-81EE-FD67E19D1863} = {1F83202C-5C08-4366-9B03-D0EB89C6F8C6}
		{15FB9707-96EB-422C-816B-DC82F4C0922D} = {1F83202C-5C08-4366-9B03-D0EB89C6F8C6}
		{CA6D2921-1721-4A71-9AE4-D78C976900AE} = {1F83202C-5C08-4366-9B03-D0EB89C6F8C6}
		{2A879C45-975B-4A22-90D9-28B01606B53D} = {1F83202C-5C08-4366-9B03-D0EB89C6F8C6}
		{CA52E4B5-7D63-4442-AAFD-32EE4822E74E} = {1F83202C-5C08-4366-9B03-D0EB89C6F8C6}
		{0C2529CF-5BFD-4AC8-A50D-7F5D25BEBF22} = {0ED872A4-B40C-4B25-BA6C-FBA62694C649}
		{F982ACA5-9EF8-4A94-91DD-E80CF5D9A12B} = {F2626B7C-5C3D-4B3D-A94C-C236DD975B57}
		{0EBB582A-0221-4046-8482-09F4E1FD70AF} = {F982ACA5-9EF8-4A94-91DD-E80CF5D9A12B}
		{7A683122-E92C-4EB0-BE13-0847992C94CC} = {F982ACA5-9EF8-4A94-91DD-E80CF5D9A12B}
		{A14F3AAE-8021-4BB3-B76D-E2E2C48EE4B5} = {F982ACA5-9EF8-4A94-91DD-E80CF5D9A12B}
		{5931E88A-8DC9-4A07-A152-4E3ABC053E4B} = {F2626B7C-5C3D-4B3D-A94C-C236DD975B57}
		{59B94B91-8946-449C-AB74-10E33A2C0705} = {5931E88A-8DC9-4A07-A152-4E3ABC053E4B}
		{47B8D889-428E-45B4-A291-4D2F5C3882F3} = {1F83202C-5C08-4366-9B03-D0EB89C6F8C6}
		{346A458F-01F6-4175-AAFE-165F0ABCCB62} = {5931E88A-8DC9-4A07-A152-4E3ABC053E4B}
	EndGlobalSection
	GlobalSection(ExtensibilityGlobals) = postSolution
		SolutionGuid = {9D0A64A9-A49D-4927-8726-EA3643A4FB65}
	EndGlobalSection
EndGlobal
